github.com/choonkeat/record-tui v0.0.0-20260119081133-b70db06c5cc1 h1:LQ17XYJUaESb/HLlFEIyVH0hR7uWpGwIkFlzym8hwmk=
github.com/choonkeat/record-tui v0.0.0-20260119081133-b70db06c5cc1/go.mod h1:5m6D3AXCzW1Rf3lmI1UEy7NFElYDxWXw8hWzwktrejY=
github.com/choonkeat/record-tui v0.0.0-20260123100207-52b1bfde59b1 h1:y3cRLPLIVH2JVHgoM1wHeTJZgJInMitNqxxEvDM99CM=
github.com/choonkeat/record-tui v0.0.0-20260123100207-52b1bfde59b1/go.mod h1:5m6D3AXCzW1Rf3lmI1UEy7NFElYDxWXw8hWzwktrejY=
github.com/choonkeat/record-tui v0.0.0-20260123115241-2d4d9033ab75 h1:LwcDtbaAN2wADvirYj64G7fP1Bxl4SmWasa+TuX6u50=
github.com/choonkeat/record-tui v0.0.0-20260123115241-2d4d9033ab75/go.mod h1:5m6D3AXCzW1Rf3lmI1UEy7NFElYDxWXw8hWzwktrejY=
github.com/choonkeat/record-tui v0.0.0-20260123151817-f9c891199cce h1:nEmvx9IdMhsrKFXW66iA90WtfSmvy99OBZ2rTFExhKw=
github.com/choonkeat/record-tui v0.0.0-20260123151817-f9c891199cce/go.mod h1:5m6D3AXCzW1Rf3lmI1UEy7NFElYDxWXw8hWzwktrejY=
github.com/choonkeat/record-tui v0.0.0-20260123235429-94ca4b1e985a h1:r8B6nB/mhWDGHUlOLTBcDHb7ZFECA3XEcFjJWXfNvhc=
github.com/choonkeat/record-tui v0.0.0-20260123235429-94ca4b1e985a/go.mod h1:5m6D3AXCzW1Rf3lmI1UEy7NFElYDxWXw8hWzwktrejY=
github.com/choonkeat/record-tui v0.0.0-20260124000954-6c7e1b68b4dd h1:oZfq78VTV/K4rKJWs6HIWCAiNzh/U7VlFqmZhIiUkDY=
github.com/choonkeat/record-tui v0.0.0-20260124000954-6c7e1b68b4dd/go.mod h1:5m6D3AXCzW1Rf3lmI1UEy7NFElYDxWXw8hWzwktrejY=
github.com/choonkeat/record-tui v0.0.0-20260124055434-cf32b95ccc87 h1:YCHN7sgUnghL0Yh0/eKoxFpqH6vGsnNuduTf49DYo30=
github.com/choonkeat/record-tui v0.0.0-20260124055434-cf32b95ccc87/go.mod h1:5m6D3AXCzW1Rf3lmI1UEy7NFElYDxWXw8hWzwktrejY=
github.com/choonkeat/record-tui v0.0.0-20260124064553-9d1f74edf92c h1:tytapfGV3JE23ItKd2W2eMy8/oDZa3hQXkIfu786kw0=
github.com/choonkeat/record-tui v0.0.0-20260124064553-9d1f74edf92c/go.mod h1:5m6D3AXCzW1Rf3lmI1UEy7NFElYDxWXw8hWzwktrejY=
github.com/choonkeat/record-tui v0.0.0-20260124070100-6075474f7778 h1:I23E6awDpYDuQME1qcbO5+y7tHvdV5s+eT5RWJMShPk=
github.com/choonkeat/record-tui v0.0.0-20260124070100-6075474f7778/go.mod h1:5m6D3AXCzW1Rf3lmI1UEy7NFElYDxWXw8hWzwktrejY=
github.com/choonkeat/record-tui v0.0.0-20260124084338-1c0c339069a1 h1:jdDVLNuwiUC5dvktabI2nqG/p6kJNDAJoOyPb9WMBxk=
github.com/choonkeat/record-tui v0.0.0-20260124084338-1c0c339069a1/go.mod h1:5m6D3AXCzW1Rf3lmI1UEy7NFElYDxWXw8hWzwktrejY=
github.com/choonkeat/record-tui v0.0.0-20260124085617-d0b9b3b4b2d9 h1:L/XWMuKrIjTX8OYXbWOx5y1Ung49jdGhUTa7W6CpAXQ=
github.com/choonkeat/record-tui v0.0.0-20260124085617-d0b9b3b4b2d9/go.mod h1:5m6D3AXCzW1Rf3lmI1UEy7NFElYDxWXw8hWzwktrejY=
github.com/choonkeat/record-tui v0.0.0-20260124091214-b03ac3b84e13 h1:C+t1SA5eKtVvVQXeiYo/cIM+Qtip05U20II+XCv35yg=
github.com/choonkeat/record-tui v0.0.0-20260124091214-b03ac3b84e13/go.mod h1:5m6D3AXCzW1Rf3lmI1UEy7NFElYDxWXw8hWzwktrejY=
github.com/choonkeat/record-tui v0.0.0-20260124234015-90153d871b14 h1:LItXfoAsLB3ljHLrEupvehifzEc78LJj1gxBdGhuyKM=
github.com/choonkeat/record-tui v0.0.0-20260124234015-90153d871b14/go.mod h1:5m6D3AXCzW1Rf3lmI1UEy7NFElYDxWXw8hWzwktrejY=
github.com/choonkeat/record-tui v0.0.0-20260125000209-bdb1b873199d h1:k7Z2pTs6gPUEcs8UEj24jmtqg8SPeOXGjKRS6TR3nbE=
github.com/choonkeat/record-tui v0.0.0-20260125000209-bdb1b873199d/go.mod h1:5m6D3AXCzW1Rf3lmI1UEy7NFElYDxWXw8hWzwktrejY=
github.com/choonkeat/record-tui v0.0.0-20260125000434-b3c9116e799b h1:gETVpzZL296mXXiscflj20N2YvSAWav2Y077d/k3UMc=
github.com/choonkeat/record-tui v0.0.0-20260125000434-b3c9116e799b/go.mod h1:5m6D3AXCzW1Rf3lmI1UEy7NFElYDxWXw8hWzwktrejY=
github.com/choonkeat/record-tui v0.0.0-20260125002015-d701e8917b43 h1:1jT0s1o/paulNUs0sVryBDKR5DS1Qd6+EKzEPeSFZIg=
github.com/choonkeat/record-tui v0.0.0-20260125002015-d701e8917b43/go.mod h1:5m6D3AXCzW1Rf3lmI1UEy7NFElYDxWXw8hWzwktrejY=
github.com/choonkeat/record-tui v0.0.0-20260125011310-d7210ede2a3c h1:2LVt2DP15AldgLMOYWw8BmA8vh62Epawu/4dkYZFoX0=
github.com/choonkeat/record-tui v0.0.0-20260125011310-d7210ede2a3c/go.mod h1:5m6D3AXCzW1Rf3lmI1UEy7NFElYDxWXw8hWzwktrejY=
github.com/choonkeat/record-tui v0.0.0-20260125022055-905dc657f0d0 h1:PXSF+YiWjjAdHwgQZEFcuEOLusCwoim1z5zsbUbNB1M=
github.com/choonkeat/record-tui v0.0.0-20260125022055-905dc657f0d0/go.mod h1:5m6D3AXCzW1Rf3lmI1UEy7NFElYDxWXw8hWzwktrejY=
github.com/choonkeat/record-tui v0.0.0-20260125025135-1cc0441c79a7 h1:j9F6XMwkak01Y+zbLVsYO5eVQdXm4x2AsZfzP/3LJYA=
github.com/choonkeat/record-tui v0.0.0-20260125025135-1cc0441c79a7/go.mod h1:5m6D3AXCzW1Rf3lmI1UEy7NFElYDxWXw8hWzwktrejY=
github.com/choonkeat/record-tui v0.0.0-20260125064540-827a404b8267 h1:aYjtuoX39H2LST1tWexwsj+BkRdvqWvigWR4UZBOyIg=
github.com/choonkeat/record-tui v0.0.0-20260125064540-827a404b8267/go.mod h1:5m6D3AXCzW1Rf3lmI1UEy7NFElYDxWXw8hWzwktrejY=
github.com/choonkeat/record-tui v0.0.0-20260125072654-c7b6a07ee80e h1:Mr7Px34BC3TNCCl6gH8txkXdl/+/etMuuRB4Lyt4O9g=
github.com/choonkeat/record-tui v0.0.0-20260125072654-c7b6a07ee80e/go.mod h1:5m6D3AXCzW1Rf3lmI1UEy7NFElYDxWXw8hWzwktrejY=
github.com/choonkeat/record-tui v0.0.0-20260201043239-e29e8b771882 h1:hmipFuNU3JzIyLl6QXuj3Q0xUnOl6YQ7cU2JQqAQzeg=
github.com/choonkeat/record-tui v0.0.0-20260201043239-e29e8b771882/go.mod h1:5m6D3AXCzW1Rf3lmI1UEy7NFElYDxWXw8hWzwktrejY=
github.com/choonkeat/record-tui v0.0.0-20260203102200-70350aff9046 h1:VfUQsAM6kfHJ8AHekkqnqLBlVWmTAO36XiR0j/eJkgE=
github.com/choonkeat/record-tui v0.0.0-20260203102200-70350aff9046/go.mod h1:5m6D3AXCzW1Rf3lmI1UEy7NFElYDxWXw8hWzwktrejY=
github.com/choonkeat/record-tui v0.0.0-20260203141252-838e5e971d15 h1:HmzdHb3zDSC3HVMBz5/zN0mZUBqOBlt0riMWJSrLCdQ=
github.com/choonkeat/record-tui v0.0.0-20260203141252-838e5e971d15/go.mod h1:5m6D3AXCzW1Rf3lmI1UEy7NFElYDxWXw8hWzwktrejY=
github.com/choonkeat/record-tui v0.0.0-20260205094826-05b55198db81 h1:HopTDCOxyHseam2cjYV6ObI+c3VEMajNz2fe8e4ZWs8=
github.com/choonkeat/record-tui v0.0.0-20260205094826-05b55198db81/go.mod h1:5m6D3AXCzW1Rf3lmI1UEy7NFElYDxWXw8hWzwktrejY=
github.com/choonkeat/record-tui v0.0.0-20260205110033-eb39b14056e8 h1:nZf6P5qzU921FkePE4rkSSYuSqWHiDFQEt6WfjHkQas=
github.com/choonkeat/record-tui v0.0.0-20260205110033-eb39b14056e8/go.mod h1:5m6D3AXCzW1Rf3lmI1UEy7NFElYDxWXw8hWzwktrejY=
github.com/creack/pty v1.1.24 h1:bJrF4RRfyJnbTJqzRLHzcGaZK1NeM5kTC9jGgovnR1s=
github.com/creack/pty v1.1.24/go.mod h1:08sCNb52WyoAwi2QDyzUCTgcvVFhUzewun7wtTfvcwE=
github.com/fsnotify/fsnotify v1.9.0 h1:2Ml+OJNzbYCTzsxtv8vKSFD9PbJjmhYF14k/jKC7S9k=
github.com/fsnotify/fsnotify v1.9.0/go.mod h1:8jBTzvmWwFyi3Pb8djgCCO5IBqzKJ/Jwo8TRcHyHii0=
github.com/google/uuid v1.6.0 h1:NIvaJDMOsjHA8n1jAhLSgzrAzy1Hgr+hNrb57e+94F0=
github.com/google/uuid v1.6.0/go.mod h1:TIyPZe4MgqvfeYDBFedMoGGpEw/LqOeaOT+nhxU+yHo=
github.com/gorilla/websocket v1.5.3 h1:saDtZ6Pbx/0u+bgYQ3q96pZgCzfhKXGPqt7kZ72aNNg=
github.com/gorilla/websocket v1.5.3/go.mod h1:YR8l580nyteQvAITg2hZ9XVh4b55+EU/adAjf1fMHhE=
github.com/hinshun/vt10x v0.0.0-20220301184237-5011da428d02 h1:AgcIVYPa6XJnU3phs104wLj8l5GEththEw6+F79YsIY=
github.com/hinshun/vt10x v0.0.0-20220301184237-5011da428d02/go.mod h1:Q48J4R4DvxnHolD5P8pOtXigYlRuPLGl6moFx3ulM68=
golang.org/x/sys v0.13.0 h1:Af8nKPmuFypiUBjVoU9V20FiaFXOcuZI21p0ycVYYGE=
golang.org/x/sys v0.13.0/go.mod h1:oPkhp1MJrh7nUepCBck5+mAzfO9JrbApNNgaTdGDITg=
