github.com/choonkeat/record-tui v0.0.0-20260123100207-52b1bfde59b1 h1:y3cRLPLIVH2JVHgoM1wHeTJZgJInMitNqxxEvDM99CM=
github.com/choonkeat/record-tui v0.0.0-20260123100207-52b1bfde59b1/go.mod h1:5m6D3AXCzW1Rf3lmI1UEy7NFElYDxWXw8hWzwktrejY=
github.com/choonkeat/record-tui v0.0.0-20260123115241-2d4d9033ab75 h1:LwcDtbaAN2wADvirYj64G7fP1Bxl4SmWasa+TuX6u50=
github.com/choonkeat/record-tui v0.0.0-20260123115241-2d4d9033ab75/go.mod h1:5m6D3AXCzW1Rf3lmI1UEy7NFElYDxWXw8hWzwktrejY=
github.com/choonkeat/record-tui v0.0.0-20260123151817-f9c891199cce h1:nEmvx9IdMhsrKFXW66iA90WtfSmvy99OBZ2rTFExhKw=
github.com/choonkeat/record-tui v0.0.0-20260123151817-f9c891199cce/go.mod h1:5m6D3AXCzW1Rf3lmI1UEy7NFElYDxWXw8hWzwktrejY=
github.com/choonkeat/record-tui v0.0.0-20260123235429-94ca4b1e985a h1:r8B6nB/mhWDGHUlOLTBcDHb7ZFECA3XEcFjJWXfNvhc=
github.com/choonkeat/record-tui v0.0.0-20260123235429-94ca4b1e985a/go.mod h1:5m6D3AXCzW1Rf3lmI1UEy7NFElYDxWXw8hWzwktrejY=
github.com/choonkeat/record-tui v0.0.0-20260124000954-6c7e1b68b4dd h1:oZfq78VTV/K4rKJWs6HIWCAiNzh/U7VlFqmZhIiUkDY=
github.com/choonkeat/record-tui v0.0.0-20260124000954-6c7e1b68b4dd/go.mod h1:5m6D3AXCzW1Rf3lmI1UEy7NFElYDxWXw8hWzwktrejY=
github.com/choonkeat/record-tui v0.0.0-20260124055434-cf32b95ccc87 h1:YCHN7sgUnghL0Yh0/eKoxFpqH6vGsnNuduTf49DYo30=
github.com/choonkeat/record-tui v0.0.0-20260124055434-cf32b95ccc87/go.mod h1:5m6D3AXCzW1Rf3lmI1UEy7NFElYDxWXw8hWzwktrejY=
github.com/choonkeat/record-tui v0.0.0-20260124064553-9d1f74edf92c h1:tytapfGV3JE23ItKd2W2eMy8/oDZa3hQXkIfu786kw0=
github.com/choonkeat/record-tui v0.0.0-20260124064553-9d1f74edf92c/go.mod h1:5m6D3AXCzW1Rf3lmI1UEy7NFElYDxWXw8hWzwktrejY=
github.com/choonkeat/record-tui v0.0.0-20260124070100-6075474f7778 h1:I23E6awDpYDuQME1qcbO5+y7tHvdV5s+eT5RWJMShPk=
github.com/choonkeat/record-tui v0.0.0-20260124070100-6075474f7778/go.mod h1:5m6D3AXCzW1Rf3lmI1UEy7NFElYDxWXw8hWzwktrejY=
github.com/choonkeat/record-tui v0.0.0-20260124084338-1c0c339069a1 h1:jdDVLNuwiUC5dvktabI2nqG/p6kJNDAJoOyPb9WMBxk=
github.com/choonkeat/record-tui v0.0.0-20260124084338-1c0c339069a1/go.mod h1:5m6D3AXCzW1Rf3lmI1UEy7NFElYDxWXw8hWzwktrejY=
github.com/choonkeat/record-tui v0.0.0-20260124085617-d0b9b3b4b2d9 h1:L/XWMuKrIjTX8OYXbWOx5y1Ung49jdGhUTa7W6CpAXQ=
github.com/choonkeat/record-tui v0.0.0-20260124085617-d0b9b3b4b2d9/go.mod h1:5m6D3AXCzW1Rf3lmI1UEy7NFElYDxWXw8hWzwktrejY=
github.com/creack/pty v1.1.24 h1:bJrF4RRfyJnbTJqzRLHzcGaZK1NeM5kTC9jGgovnR1s=
github.com/creack/pty v1.1.24/go.mod h1:08sCNb52WyoAwi2QDyzUCTgcvVFhUzewun7wtTfvcwE=
github.com/fsnotify/fsnotify v1.9.0 h1:2Ml+OJNzbYCTzsxtv8vKSFD9PbJjmhYF14k/jKC7S9k=
github.com/fsnotify/fsnotify v1.9.0/go.mod h1:8jBTzvmWwFyi3Pb8djgCCO5IBqzKJ/Jwo8TRcHyHii0=
github.com/google/uuid v1.6.0 h1:NIvaJDMOsjHA8n1jAhLSgzrAzy1Hgr+hNrb57e+94F0=
github.com/google/uuid v1.6.0/go.mod h1:TIyPZe4MgqvfeYDBFedMoGGpEw/LqOeaOT+nhxU+yHo=
github.com/gorilla/websocket v1.5.3 h1:saDtZ6Pbx/0u+bgYQ3q96pZgCzfhKXGPqt7kZ72aNNg=
github.com/gorilla/websocket v1.5.3/go.mod h1:YR8l580nyteQvAITg2hZ9XVh4b55+EU/adAjf1fMHhE=
github.com/hinshun/vt10x v0.0.0-20220301184237-5011da428d02 h1:AgcIVYPa6XJnU3phs104wLj8l5GEththEw6+F79YsIY=
github.com/hinshun/vt10x v0.0.0-20220301184237-5011da428d02/go.mod h1:Q48J4R4DvxnHolD5P8pOtXigYlRuPLGl6moFx3ulM68=
golang.org/x/sys v0.13.0 h1:Af8nKPmuFypiUBjVoU9V20FiaFXOcuZI21p0ycVYYGE=
golang.org/x/sys v0.13.0/go.mod h1:oPkhp1MJrh7nUepCBck5+mAzfO9JrbApNNgaTdGDITg=
golang.org/x/text v0.21.0 h1:zyQAAkrwaneQ066sspRyJaG9VNi/YJ1NfzcGB3hZ/qo=
golang.org/x/text v0.21.0/go.mod h1:4IBbMaMmOPCJ8SecivzSH54+73PCFmPWxNTLm+vZkEQ=
